{
    "requires": true,
    "lockfileVersion": 1,
    "dependencies": {
        "@ionic-native/user-agent": {
            "version": "4.10.0",
            "resolved": "https://registry.npmjs.org/@ionic-native/user-agent/-/user-agent-4.10.0.tgz",
            "integrity": "sha512-lDF1V3yhSLBQvB2APkcyCw0Ok9/0pRpo92B7EbV5M9X0Kapg40Ge2VqcGQnDcyPyYpRGF7+EmnWOlf+d4PI7Dw=="
        }
    }
}
